// !$*UTF8*$!
{
	archiveVersion = 1;
	classes = {
	};
	objectVersion = 50;
	objects = {

/* Begin PBXBuildFile section */
		90EECB7225DA9B920079D2C2 /* bpm_necklace WatchKit App.app in Embed Watch Content */ = {isa = PBXBuildFile; fileRef = 90EECB7125DA9B920079D2C2 /* bpm_necklace WatchKit App.app */; settings = {ATTRIBUTES = (RemoveHeadersOnCopy, ); }; };
		90EECB7725DA9B960079D2C2 /* Assets.xcassets in Resources */ = {isa = PBXBuildFile; fileRef = 90EECB7625DA9B960079D2C2 /* Assets.xcassets */; };
		90EECB7E25DA9B960079D2C2 /* bpm_necklace WatchKit Extension.appex in Embed App Extensions */ = {isa = PBXBuildFile; fileRef = 90EECB7D25DA9B960079D2C2 /* bpm_necklace WatchKit Extension.appex */; settings = {ATTRIBUTES = (RemoveHeadersOnCopy, ); }; };
		90EECB8325DA9B960079D2C2 /* bpm_necklaceApp.swift in Sources */ = {isa = PBXBuildFile; fileRef = 90EECB8225DA9B960079D2C2 /* bpm_necklaceApp.swift */; };
		90EECB8525DA9B960079D2C2 /* ContentView.swift in Sources */ = {isa = PBXBuildFile; fileRef = 90EECB8425DA9B960079D2C2 /* ContentView.swift */; };
		90EECB8725DA9B960079D2C2 /* NotificationController.swift in Sources */ = {isa = PBXBuildFile; fileRef = 90EECB8625DA9B960079D2C2 /* NotificationController.swift */; };
		90EECB8925DA9B960079D2C2 /* NotificationView.swift in Sources */ = {isa = PBXBuildFile; fileRef = 90EECB8825DA9B960079D2C2 /* NotificationView.swift */; };
		90EECB8B25DA9B960079D2C2 /* ComplicationController.swift in Sources */ = {isa = PBXBuildFile; fileRef = 90EECB8A25DA9B960079D2C2 /* ComplicationController.swift */; };
		90EECB8D25DA9B970079D2C2 /* Assets.xcassets in Resources */ = {isa = PBXBuildFile; fileRef = 90EECB8C25DA9B970079D2C2 /* Assets.xcassets */; };
		90EECB9025DA9B970079D2C2 /* Preview Assets.xcassets in Resources */ = {isa = PBXBuildFile; fileRef = 90EECB8F25DA9B970079D2C2 /* Preview Assets.xcassets */; };
		90EECBAC25DDA4BB0079D2C2 /* BLEManager.swift in Sources */ = {isa = PBXBuildFile; fileRef = 90EECBAB25DDA4BB0079D2C2 /* BLEManager.swift */; };
		90EECBB125DDBCD30079D2C2 /* UUIDKey.swift in Sources */ = {isa = PBXBuildFile; fileRef = 90EECBB025DDBCD30079D2C2 /* UUIDKey.swift */; };
/* End PBXBuildFile section */

/* Begin PBXContainerItemProxy section */
		90EECB7325DA9B920079D2C2 /* PBXContainerItemProxy */ = {
			isa = PBXContainerItemProxy;
			containerPortal = 90EECB6725DA9B910079D2C2 /* Project object */;
			proxyType = 1;
			remoteGlobalIDString = 90EECB7025DA9B920079D2C2;
			remoteInfo = "bpm_necklace WatchKit App";
		};
		90EECB7F25DA9B960079D2C2 /* PBXContainerItemProxy */ = {
			isa = PBXContainerItemProxy;
			containerPortal = 90EECB6725DA9B910079D2C2 /* Project object */;
			proxyType = 1;
			remoteGlobalIDString = 90EECB7C25DA9B960079D2C2;
			remoteInfo = "bpm_necklace WatchKit Extension";
		};
/* End PBXContainerItemProxy section */

/* Begin PBXCopyFilesBuildPhase section */
		90EECB9825DA9B970079D2C2 /* Embed App Extensions */ = {
			isa = PBXCopyFilesBuildPhase;
			buildActionMask = 2147483647;
			dstPath = "";
			dstSubfolderSpec = 13;
			files = (
				90EECB7E25DA9B960079D2C2 /* bpm_necklace WatchKit Extension.appex in Embed App Extensions */,
			);
			name = "Embed App Extensions";
			runOnlyForDeploymentPostprocessing = 0;
		};
		90EECB9C25DA9B970079D2C2 /* Embed Watch Content */ = {
			isa = PBXCopyFilesBuildPhase;
			buildActionMask = 2147483647;
			dstPath = "$(CONTENTS_FOLDER_PATH)/Watch";
			dstSubfolderSpec = 16;
			files = (
				90EECB7225DA9B920079D2C2 /* bpm_necklace WatchKit App.app in Embed Watch Content */,
			);
			name = "Embed Watch Content";
			runOnlyForDeploymentPostprocessing = 0;
		};
/* End PBXCopyFilesBuildPhase section */

/* Begin PBXFileReference section */
		90EECB6D25DA9B910079D2C2 /* bpm_necklace.app */ = {isa = PBXFileReference; explicitFileType = wrapper.application; includeInIndex = 0; path = bpm_necklace.app; sourceTree = BUILT_PRODUCTS_DIR; };
		90EECB7125DA9B920079D2C2 /* bpm_necklace WatchKit App.app */ = {isa = PBXFileReference; explicitFileType = wrapper.application; includeInIndex = 0; path = "bpm_necklace WatchKit App.app"; sourceTree = BUILT_PRODUCTS_DIR; };
		90EECB7625DA9B960079D2C2 /* Assets.xcassets */ = {isa = PBXFileReference; lastKnownFileType = folder.assetcatalog; path = Assets.xcassets; sourceTree = "<group>"; };
		90EECB7825DA9B960079D2C2 /* Info.plist */ = {isa = PBXFileReference; lastKnownFileType = text.plist.xml; path = Info.plist; sourceTree = "<group>"; };
		90EECB7D25DA9B960079D2C2 /* bpm_necklace WatchKit Extension.appex */ = {isa = PBXFileReference; explicitFileType = "wrapper.app-extension"; includeInIndex = 0; path = "bpm_necklace WatchKit Extension.appex"; sourceTree = BUILT_PRODUCTS_DIR; };
		90EECB8225DA9B960079D2C2 /* bpm_necklaceApp.swift */ = {isa = PBXFileReference; lastKnownFileType = sourcecode.swift; path = bpm_necklaceApp.swift; sourceTree = "<group>"; };
		90EECB8425DA9B960079D2C2 /* ContentView.swift */ = {isa = PBXFileReference; lastKnownFileType = sourcecode.swift; path = ContentView.swift; sourceTree = "<group>"; };
		90EECB8625DA9B960079D2C2 /* NotificationController.swift */ = {isa = PBXFileReference; lastKnownFileType = sourcecode.swift; path = NotificationController.swift; sourceTree = "<group>"; };
		90EECB8825DA9B960079D2C2 /* NotificationView.swift */ = {isa = PBXFileReference; lastKnownFileType = sourcecode.swift; path = NotificationView.swift; sourceTree = "<group>"; };
		90EECB8A25DA9B960079D2C2 /* ComplicationController.swift */ = {isa = PBXFileReference; lastKnownFileType = sourcecode.swift; path = ComplicationController.swift; sourceTree = "<group>"; };
		90EECB8C25DA9B970079D2C2 /* Assets.xcassets */ = {isa = PBXFileReference; lastKnownFileType = folder.assetcatalog; path = Assets.xcassets; sourceTree = "<group>"; };
		90EECB8F25DA9B970079D2C2 /* Preview Assets.xcassets */ = {isa = PBXFileReference; lastKnownFileType = folder.assetcatalog; path = "Preview Assets.xcassets"; sourceTree = "<group>"; };
		90EECB9125DA9B970079D2C2 /* Info.plist */ = {isa = PBXFileReference; lastKnownFileType = text.plist.xml; path = Info.plist; sourceTree = "<group>"; };
		90EECB9225DA9B970079D2C2 /* PushNotificationPayload.apns */ = {isa = PBXFileReference; lastKnownFileType = text; path = PushNotificationPayload.apns; sourceTree = "<group>"; };
		90EECBAB25DDA4BB0079D2C2 /* BLEManager.swift */ = {isa = PBXFileReference; lastKnownFileType = sourcecode.swift; path = BLEManager.swift; sourceTree = "<group>"; };
		90EECBB025DDBCD30079D2C2 /* UUIDKey.swift */ = {isa = PBXFileReference; lastKnownFileType = sourcecode.swift; path = UUIDKey.swift; sourceTree = "<group>"; };
/* End PBXFileReference section */

/* Begin PBXFrameworksBuildPhase section */
		90EECB7A25DA9B960079D2C2 /* Frameworks */ = {
			isa = PBXFrameworksBuildPhase;
			buildActionMask = 2147483647;
			files = (
			);
			runOnlyForDeploymentPostprocessing = 0;
		};
/* End PBXFrameworksBuildPhase section */

/* Begin PBXGroup section */
		90EECB6625DA9B910079D2C2 = {
			isa = PBXGroup;
			children = (
				90EECB7525DA9B920079D2C2 /* bpm_necklace WatchKit App */,
				90EECB8125DA9B960079D2C2 /* bpm_necklace WatchKit Extension */,
				90EECB6E25DA9B910079D2C2 /* Products */,
			);
			sourceTree = "<group>";
		};
		90EECB6E25DA9B910079D2C2 /* Products */ = {
			isa = PBXGroup;
			children = (
				90EECB6D25DA9B910079D2C2 /* bpm_necklace.app */,
				90EECB7125DA9B920079D2C2 /* bpm_necklace WatchKit App.app */,
				90EECB7D25DA9B960079D2C2 /* bpm_necklace WatchKit Extension.appex */,
			);
			name = Products;
			sourceTree = "<group>";
		};
		90EECB7525DA9B920079D2C2 /* bpm_necklace WatchKit App */ = {
			isa = PBXGroup;
			children = (
				90EECB7625DA9B960079D2C2 /* Assets.xcassets */,
				90EECB7825DA9B960079D2C2 /* Info.plist */,
			);
			path = "bpm_necklace WatchKit App";
			sourceTree = "<group>";
		};
		90EECB8125DA9B960079D2C2 /* bpm_necklace WatchKit Extension */ = {
			isa = PBXGroup;
			children = (
				90EECB8225DA9B960079D2C2 /* bpm_necklaceApp.swift */,
				90EECB8425DA9B960079D2C2 /* ContentView.swift */,
				90EECBAB25DDA4BB0079D2C2 /* BLEManager.swift */,
				90EECBB025DDBCD30079D2C2 /* UUIDKey.swift */,
				90EECB8625DA9B960079D2C2 /* NotificationController.swift */,
				90EECB8825DA9B960079D2C2 /* NotificationView.swift */,
				90EECB8A25DA9B960079D2C2 /* ComplicationController.swift */,
				90EECB8C25DA9B970079D2C2 /* Assets.xcassets */,
				90EECB9125DA9B970079D2C2 /* Info.plist */,
				90EECB9225DA9B970079D2C2 /* PushNotificationPayload.apns */,
				90EECB8E25DA9B970079D2C2 /* Preview Content */,
			);
			path = "bpm_necklace WatchKit Extension";
			sourceTree = "<group>";
		};
		90EECB8E25DA9B970079D2C2 /* Preview Content */ = {
			isa = PBXGroup;
			children = (
				90EECB8F25DA9B970079D2C2 /* Preview Assets.xcassets */,
			);
			path = "Preview Content";
			sourceTree = "<group>";
		};
/* End PBXGroup section */

/* Begin PBXNativeTarget section */
		90EECB6C25DA9B910079D2C2 /* bpm_necklace */ = {
			isa = PBXNativeTarget;
			buildConfigurationList = 90EECB9D25DA9B970079D2C2 /* Build configuration list for PBXNativeTarget "bpm_necklace" */;
			buildPhases = (
				90EECB6B25DA9B910079D2C2 /* Resources */,
				90EECB9C25DA9B970079D2C2 /* Embed Watch Content */,
			);
			buildRules = (
			);
			dependencies = (
				90EECB7425DA9B920079D2C2 /* PBXTargetDependency */,
			);
			name = bpm_necklace;
			productName = bpm_necklace;
			productReference = 90EECB6D25DA9B910079D2C2 /* bpm_necklace.app */;
			productType = "com.apple.product-type.application.watchapp2-container";
		};
		90EECB7025DA9B920079D2C2 /* bpm_necklace WatchKit App */ = {
			isa = PBXNativeTarget;
			buildConfigurationList = 90EECB9925DA9B970079D2C2 /* Build configuration list for PBXNativeTarget "bpm_necklace WatchKit App" */;
			buildPhases = (
				90EECB6F25DA9B920079D2C2 /* Resources */,
				90EECB9825DA9B970079D2C2 /* Embed App Extensions */,
			);
			buildRules = (
			);
			dependencies = (
				90EECB8025DA9B960079D2C2 /* PBXTargetDependency */,
			);
			name = "bpm_necklace WatchKit App";
			productName = "bpm_necklace WatchKit App";
			productReference = 90EECB7125DA9B920079D2C2 /* bpm_necklace WatchKit App.app */;
			productType = "com.apple.product-type.application.watchapp2";
		};
		90EECB7C25DA9B960079D2C2 /* bpm_necklace WatchKit Extension */ = {
			isa = PBXNativeTarget;
			buildConfigurationList = 90EECB9525DA9B970079D2C2 /* Build configuration list for PBXNativeTarget "bpm_necklace WatchKit Extension" */;
			buildPhases = (
				90EECB7925DA9B960079D2C2 /* Sources */,
				90EECB7A25DA9B960079D2C2 /* Frameworks */,
				90EECB7B25DA9B960079D2C2 /* Resources */,
			);
			buildRules = (
			);
			dependencies = (
			);
			name = "bpm_necklace WatchKit Extension";
			productName = "bpm_necklace WatchKit Extension";
			productReference = 90EECB7D25DA9B960079D2C2 /* bpm_necklace WatchKit Extension.appex */;
			productType = "com.apple.product-type.watchkit2-extension";
		};
/* End PBXNativeTarget section */

/* Begin PBXProject section */
		90EECB6725DA9B910079D2C2 /* Project object */ = {
			isa = PBXProject;
			attributes = {
				LastSwiftUpdateCheck = 1240;
				LastUpgradeCheck = 1240;
				TargetAttributes = {
					90EECB6C25DA9B910079D2C2 = {
						CreatedOnToolsVersion = 12.4;
					};
					90EECB7025DA9B920079D2C2 = {
						CreatedOnToolsVersion = 12.4;
					};
					90EECB7C25DA9B960079D2C2 = {
						CreatedOnToolsVersion = 12.4;
					};
				};
			};
			buildConfigurationList = 90EECB6A25DA9B910079D2C2 /* Build configuration list for PBXProject "bpm_necklace" */;
			compatibilityVersion = "Xcode 9.3";
			developmentRegion = en;
			hasScannedForEncodings = 0;
			knownRegions = (
				en,
				Base,
			);
			mainGroup = 90EECB6625DA9B910079D2C2;
			productRefGroup = 90EECB6E25DA9B910079D2C2 /* Products */;
			projectDirPath = "";
			projectRoot = "";
			targets = (
				90EECB6C25DA9B910079D2C2 /* bpm_necklace */,
				90EECB7025DA9B920079D2C2 /* bpm_necklace WatchKit App */,
				90EECB7C25DA9B960079D2C2 /* bpm_necklace WatchKit Extension */,
			);
		};
/* End PBXProject section */

/* Begin PBXResourcesBuildPhase section */
		90EECB6B25DA9B910079D2C2 /* Resources */ = {
			isa = PBXResourcesBuildPhase;
			buildActionMask = 2147483647;
			files = (
			);
			runOnlyForDeploymentPostprocessing = 0;
		};
		90EECB6F25DA9B920079D2C2 /* Resources */ = {
			isa = PBXResourcesBuildPhase;
			buildActionMask = 2147483647;
			files = (
				90EECB7725DA9B960079D2C2 /* Assets.xcassets in Resources */,
			);
			runOnlyForDeploymentPostprocessing = 0;
		};
		90EECB7B25DA9B960079D2C2 /* Resources */ = {
			isa = PBXResourcesBuildPhase;
			buildActionMask = 2147483647;
			files = (
				90EECB9025DA9B970079D2C2 /* Preview Assets.xcassets in Resources */,
				90EECB8D25DA9B970079D2C2 /* Assets.xcassets in Resources */,
			);
			runOnlyForDeploymentPostprocessing = 0;
		};
/* End PBXResourcesBuildPhase section */

/* Begin PBXSourcesBuildPhase section */
		90EECB7925DA9B960079D2C2 /* Sources */ = {
			isa = PBXSourcesBuildPhase;
			buildActionMask = 2147483647;
			files = (
				90EECBB125DDBCD30079D2C2 /* UUIDKey.swift in Sources */,
				90EECB8725DA9B960079D2C2 /* NotificationController.swift in Sources */,
				90EECBAC25DDA4BB0079D2C2 /* BLEManager.swift in Sources */,
				90EECB8525DA9B960079D2C2 /* ContentView.swift in Sources */,
				90EECB8B25DA9B960079D2C2 /* ComplicationController.swift in Sources */,
				90EECB8325DA9B960079D2C2 /* bpm_necklaceApp.swift in Sources */,
				90EECB8925DA9B960079D2C2 /* NotificationView.swift in Sources */,
			);
			runOnlyForDeploymentPostprocessing = 0;
		};
/* End PBXSourcesBuildPhase section */

/* Begin PBXTargetDependency section */
		90EECB7425DA9B920079D2C2 /* PBXTargetDependency */ = {
			isa = PBXTargetDependency;
			target = 90EECB7025DA9B920079D2C2 /* bpm_necklace WatchKit App */;
			targetProxy = 90EECB7325DA9B920079D2C2 /* PBXContainerItemProxy */;
		};
		90EECB8025DA9B960079D2C2 /* PBXTargetDependency */ = {
			isa = PBXTargetDependency;
			target = 90EECB7C25DA9B960079D2C2 /* bpm_necklace WatchKit Extension */;
			targetProxy = 90EECB7F25DA9B960079D2C2 /* PBXContainerItemProxy */;
		};
/* End PBXTargetDependency section */

/* Begin XCBuildConfiguration section */
		90EECB9325DA9B970079D2C2 /* Debug */ = {
			isa = XCBuildConfiguration;
			buildSettings = {
				ALWAYS_SEARCH_USER_PATHS = NO;
				CLANG_ANALYZER_NONNULL = YES;
				CLANG_ANALYZER_NUMBER_OBJECT_CONVERSION = YES_AGGRESSIVE;
				CLANG_CXX_LANGUAGE_STANDARD = "gnu++14";
				CLANG_CXX_LIBRARY = "libc++";
				CLANG_ENABLE_MODULES = YES;
				CLANG_ENABLE_OBJC_ARC = YES;
				CLANG_ENABLE_OBJC_WEAK = YES;
				CLANG_WARN_BLOCK_CAPTURE_AUTORELEASING = YES;
				CLANG_WARN_BOOL_CONVERSION = YES;
				CLANG_WARN_COMMA = YES;
				CLANG_WARN_CONSTANT_CONVERSION = YES;
				CLANG_WARN_DEPRECATED_OBJC_IMPLEMENTATIONS = YES;
				CLANG_WARN_DIRECT_OBJC_ISA_USAGE = YES_ERROR;
				CLANG_WARN_DOCUMENTATION_COMMENTS = YES;
				CLANG_WARN_EMPTY_BODY = YES;
				CLANG_WARN_ENUM_CONVERSION = YES;
				CLANG_WARN_INFINITE_RECURSION = YES;
				CLANG_WARN_INT_CONVERSION = YES;
				CLANG_WARN_NON_LITERAL_NULL_CONVERSION = YES;
				CLANG_WARN_OBJC_IMPLICIT_RETAIN_SELF = YES;
				CLANG_WARN_OBJC_LITERAL_CONVERSION = YES;
				CLANG_WARN_OBJC_ROOT_CLASS = YES_ERROR;
				CLANG_WARN_QUOTED_INCLUDE_IN_FRAMEWORK_HEADER = YES;
				CLANG_WARN_RANGE_LOOP_ANALYSIS = YES;
				CLANG_WARN_STRICT_PROTOTYPES = YES;
				CLANG_WARN_SUSPICIOUS_MOVE = YES;
				CLANG_WARN_UNGUARDED_AVAILABILITY = YES_AGGRESSIVE;
				CLANG_WARN_UNREACHABLE_CODE = YES;
				CLANG_WARN__DUPLICATE_METHOD_MATCH = YES;
				COPY_PHASE_STRIP = NO;
				DEBUG_INFORMATION_FORMAT = dwarf;
				ENABLE_STRICT_OBJC_MSGSEND = YES;
				ENABLE_TESTABILITY = YES;
				GCC_C_LANGUAGE_STANDARD = gnu11;
				GCC_DYNAMIC_NO_PIC = NO;
				GCC_NO_COMMON_BLOCKS = YES;
				GCC_OPTIMIZATION_LEVEL = 0;
				GCC_PREPROCESSOR_DEFINITIONS = (
					"DEBUG=1",
					"$(inherited)",
				);
				GCC_WARN_64_TO_32_BIT_CONVERSION = YES;
				GCC_WARN_ABOUT_RETURN_TYPE = YES_ERROR;
				GCC_WARN_UNDECLARED_SELECTOR = YES;
				GCC_WARN_UNINITIALIZED_AUTOS = YES_AGGRESSIVE;
				GCC_WARN_UNUSED_FUNCTION = YES;
				GCC_WARN_UNUSED_VARIABLE = YES;
				MTL_ENABLE_DEBUG_INFO = INCLUDE_SOURCE;
				MTL_FAST_MATH = YES;
				ONLY_ACTIVE_ARCH = YES;
				SDKROOT = iphoneos;
				SWIFT_ACTIVE_COMPILATION_CONDITIONS = DEBUG;
				SWIFT_OPTIMIZATION_LEVEL = "-Onone";
			};
			name = Debug;
		};
		90EECB9425DA9B970079D2C2 /* Release */ = {
			isa = XCBuildConfiguration;
			buildSettings = {
				ALWAYS_SEARCH_USER_PATHS = NO;
				CLANG_ANALYZER_NONNULL = YES;
				CLANG_ANALYZER_NUMBER_OBJECT_CONVERSION = YES_AGGRESSIVE;
				CLANG_CXX_LANGUAGE_STANDARD = "gnu++14";
				CLANG_CXX_LIBRARY = "libc++";
				CLANG_ENABLE_MODULES = YES;
				CLANG_ENABLE_OBJC_ARC = YES;
				CLANG_ENABLE_OBJC_WEAK = YES;
				CLANG_WARN_BLOCK_CAPTURE_AUTORELEASING = YES;
				CLANG_WARN_BOOL_CONVERSION = YES;
				CLANG_WARN_COMMA = YES;
				CLANG_WARN_CONSTANT_CONVERSION = YES;
				CLANG_WARN_DEPRECATED_OBJC_IMPLEMENTATIONS = YES;
				CLANG_WARN_DIRECT_OBJC_ISA_USAGE = YES_ERROR;
				CLANG_WARN_DOCUMENTATION_COMMENTS = YES;
				CLANG_WARN_EMPTY_BODY = YES;
				CLANG_WARN_ENUM_CONVERSION = YES;
				CLANG_WARN_INFINITE_RECURSION = YES;
				CLANG_WARN_INT_CONVERSION = YES;
				CLANG_WARN_NON_LITERAL_NULL_CONVERSION = YES;
				CLANG_WARN_OBJC_IMPLICIT_RETAIN_SELF = YES;
				CLANG_WARN_OBJC_LITERAL_CONVERSION = YES;
				CLANG_WARN_OBJC_ROOT_CLASS = YES_ERROR;
				CLANG_WARN_QUOTED_INCLUDE_IN_FRAMEWORK_HEADER = YES;
				CLANG_WARN_RANGE_LOOP_ANALYSIS = YES;
				CLANG_WARN_STRICT_PROTOTYPES = YES;
				CLANG_WARN_SUSPICIOUS_MOVE = YES;
				CLANG_WARN_UNGUARDED_AVAILABILITY = YES_AGGRESSIVE;
				CLANG_WARN_UNREACHABLE_CODE = YES;
				CLANG_WARN__DUPLICATE_METHOD_MATCH = YES;
				COPY_PHASE_STRIP = NO;
				DEBUG_INFORMATION_FORMAT = "dwarf-with-dsym";
				ENABLE_NS_ASSERTIONS = NO;
				ENABLE_STRICT_OBJC_MSGSEND = YES;
				GCC_C_LANGUAGE_STANDARD = gnu11;
				GCC_NO_COMMON_BLOCKS = YES;
				GCC_WARN_64_TO_32_BIT_CONVERSION = YES;
				GCC_WARN_ABOUT_RETURN_TYPE = YES_ERROR;
				GCC_WARN_UNDECLARED_SELECTOR = YES;
				GCC_WARN_UNINITIALIZED_AUTOS = YES_AGGRESSIVE;
				GCC_WARN_UNUSED_FUNCTION = YES;
				GCC_WARN_UNUSED_VARIABLE = YES;
				MTL_ENABLE_DEBUG_INFO = NO;
				MTL_FAST_MATH = YES;
				SDKROOT = iphoneos;
				SWIFT_COMPILATION_MODE = wholemodule;
				SWIFT_OPTIMIZATION_LEVEL = "-O";
				VALIDATE_PRODUCT = YES;
			};
			name = Release;
		};
		90EECB9625DA9B970079D2C2 /* Debug */ = {
			isa = XCBuildConfiguration;
			buildSettings = {
				ASSETCATALOG_COMPILER_COMPLICATION_NAME = Complication;
				CODE_SIGN_STYLE = Automatic;
				DEVELOPMENT_ASSET_PATHS = "\"bpm_necklace WatchKit Extension/Preview Content\"";
				DEVELOPMENT_TEAM = PG567LPL9M;
				ENABLE_PREVIEWS = YES;
				INFOPLIST_FILE = "bpm_necklace WatchKit Extension/Info.plist";
				LD_RUNPATH_SEARCH_PATHS = (
					"$(inherited)",
					"@executable_path/Frameworks",
					"@executable_path/../../Frameworks",
				);
				PRODUCT_BUNDLE_IDENTIFIER = "com.example.bpm-necklace.watchkitapp.watchkitextension";
				PRODUCT_NAME = "${TARGET_NAME}";
				SDKROOT = watchos;
				SKIP_INSTALL = YES;
				SWIFT_VERSION = 5.0;
				TARGETED_DEVICE_FAMILY = 4;
				WATCHOS_DEPLOYMENT_TARGET = 7.2;
			};
			name = Debug;
		};
		90EECB9725DA9B970079D2C2 /* Release */ = {
			isa = XCBuildConfiguration;
			buildSettings = {
				ASSETCATALOG_COMPILER_COMPLICATION_NAME = Complication;
				CODE_SIGN_STYLE = Automatic;
				DEVELOPMENT_ASSET_PATHS = "\"bpm_necklace WatchKit Extension/Preview Content\"";
				DEVELOPMENT_TEAM = PG567LPL9M;
				ENABLE_PREVIEWS = YES;
				INFOPLIST_FILE = "bpm_necklace WatchKit Extension/Info.plist";
				LD_RUNPATH_SEARCH_PATHS = (
					"$(inherited)",
					"@executable_path/Frameworks",
					"@executable_path/../../Frameworks",
				);
				PRODUCT_BUNDLE_IDENTIFIER = "com.example.bpm-necklace.watchkitapp.watchkitextension";
				PRODUCT_NAME = "${TARGET_NAME}";
				SDKROOT = watchos;
				SKIP_INSTALL = YES;
				SWIFT_VERSION = 5.0;
				TARGETED_DEVICE_FAMILY = 4;
				WATCHOS_DEPLOYMENT_TARGET = 7.2;
			};
			name = Release;
		};
		90EECB9A25DA9B970079D2C2 /* Debug */ = {
			isa = XCBuildConfiguration;
			buildSettings = {
				ALWAYS_EMBED_SWIFT_STANDARD_LIBRARIES = YES;
				ASSETCATALOG_COMPILER_APPICON_NAME = AppIcon;
				ASSETCATALOG_COMPILER_GLOBAL_ACCENT_COLOR_NAME = AccentColor;
				CODE_SIGN_STYLE = Automatic;
				DEVELOPMENT_TEAM = PG567LPL9M;
				IBSC_MODULE = bpm_necklace_WatchKit_Extension;
				INFOPLIST_FILE = "bpm_necklace WatchKit App/Info.plist";
				PRODUCT_BUNDLE_IDENTIFIER = "com.example.bpm-necklace.watchkitapp";
				PRODUCT_NAME = "$(TARGET_NAME)";
				SDKROOT = watchos;
				SKIP_INSTALL = YES;
				SWIFT_VERSION = 5.0;
				TARGETED_DEVICE_FAMILY = 4;
				WATCHOS_DEPLOYMENT_TARGET = 7.2;
			};
			name = Debug;
		};
		90EECB9B25DA9B970079D2C2 /* Release */ = {
			isa = XCBuildConfiguration;
			buildSettings = {
				ALWAYS_EMBED_SWIFT_STANDARD_LIBRARIES = YES;
				ASSETCATALOG_COMPILER_APPICON_NAME = AppIcon;
				ASSETCATALOG_COMPILER_GLOBAL_ACCENT_COLOR_NAME = AccentColor;
				CODE_SIGN_STYLE = Automatic;
				DEVELOPMENT_TEAM = PG567LPL9M;
				IBSC_MODULE = bpm_necklace_WatchKit_Extension;
				INFOPLIST_FILE = "bpm_necklace WatchKit App/Info.plist";
				PRODUCT_BUNDLE_IDENTIFIER = "com.example.bpm-necklace.watchkitapp";
				PRODUCT_NAME = "$(TARGET_NAME)";
				SDKROOT = watchos;
				SKIP_INSTALL = YES;
				SWIFT_VERSION = 5.0;
				TARGETED_DEVICE_FAMILY = 4;
				WATCHOS_DEPLOYMENT_TARGET = 7.2;
			};
			name = Release;
		};
		90EECB9E25DA9B970079D2C2 /* Debug */ = {
			isa = XCBuildConfiguration;
			buildSettings = {
				CODE_SIGN_STYLE = Automatic;
				CURRENT_PROJECT_VERSION = 1;
				DEVELOPMENT_TEAM = PG567LPL9M;
				MARKETING_VERSION = 1.0;
				PRODUCT_BUNDLE_IDENTIFIER = "com.example.bpm-necklace";
				PRODUCT_NAME = "$(TARGET_NAME)";
				SWIFT_VERSION = 5.0;
			};
			name = Debug;
		};
		90EECB9F25DA9B970079D2C2 /* Release */ = {
			isa = XCBuildConfiguration;
			buildSettings = {
				CODE_SIGN_STYLE = Automatic;
				CURRENT_PROJECT_VERSION = 1;
				DEVELOPMENT_TEAM = PG567LPL9M;
				MARKETING_VERSION = 1.0;
				PRODUCT_BUNDLE_IDENTIFIER = "com.example.bpm-necklace";
				PRODUCT_NAME = "$(TARGET_NAME)";
				SWIFT_VERSION = 5.0;
			};
			name = Release;
		};
/* End XCBuildConfiguration section */

/* Begin XCConfigurationList section */
		90EECB6A25DA9B910079D2C2 /* Build configuration list for PBXProject "bpm_necklace" */ = {
			isa = XCConfigurationList;
			buildConfigurations = (
				90EECB9325DA9B970079D2C2 /* Debug */,
				90EECB9425DA9B970079D2C2 /* Release */,
			);
			defaultConfigurationIsVisible = 0;
			defaultConfigurationName = Release;
		};
		90EECB9525DA9B970079D2C2 /* Build configuration list for PBXNativeTarget "bpm_necklace WatchKit Extension" */ = {
			isa = XCConfigurationList;
			buildConfigurations = (
				90EECB9625DA9B970079D2C2 /* Debug */,
				90EECB9725DA9B970079D2C2 /* Release */,
			);
			defaultConfigurationIsVisible = 0;
			defaultConfigurationName = Release;
		};
		90EECB9925DA9B970079D2C2 /* Build configuration list for PBXNativeTarget "bpm_necklace WatchKit App" */ = {
			isa = XCConfigurationList;
			buildConfigurations = (
				90EECB9A25DA9B970079D2C2 /* Debug */,
				90EECB9B25DA9B970079D2C2 /* Release */,
			);
			defaultConfigurationIsVisible = 0;
			defaultConfigurationName = Release;
		};
		90EECB9D25DA9B970079D2C2 /* Build configuration list for PBXNativeTarget "bpm_necklace" */ = {
			isa = XCConfigurationList;
			buildConfigurations = (
				90EECB9E25DA9B970079D2C2 /* Debug */,
				90EECB9F25DA9B970079D2C2 /* Release */,
			);
			defaultConfigurationIsVisible = 0;
			defaultConfigurationName = Release;
		};
/* End XCConfigurationList section */
	};
	rootObject = 90EECB6725DA9B910079D2C2 /* Project object */;
}
